
Microsoft Visual Studio Solution File, Format Version 12.00
# Visual Studio Version 16
VisualStudioVersion = 16.0.30104.148
MinimumVisualStudioVersion = 10.0.40219.1
Project("{FAE04EC0-301F-11D3-BF4B-00C04F79EFBC}") = "Cliente APS", "Cliente APS.csproj", "{D506ED7E-68FA-4172-BD04-DB8D76D64D44}"
EndProject
Project("{FAE04EC0-301F-11D3-BF4B-00C04F79EFBC}") = "TelaInicio", "..\Menu\TelaInicio.csproj", "{B2433359-C8EE-4DA9-8E4D-99386D0CECF7}"
EndProject
Project("{FAE04EC0-301F-11D3-BF4B-00C04F79EFBC}") = "LoginServidor", "..\Login\LoginServidor.csproj", "{E2C3A23B-6FDE-4DDF-B42F-6EBCE7D5606A}"
EndProject
Project("{FAE04EC0-301F-11D3-BF4B-00C04F79EFBC}") = "Servidor APS", "..\Servidor APS\Servidor APS.csproj", "{C8376765-F086-446E-BD36-EDF6B7F4A838}"
EndProject
Project("{FAE04EC0-301F-11D3-BF4B-00C04F79EFBC}") = "LoginCliente", "..\LoginCliente\LoginCliente.csproj", "{7FA294BB-E419-4263-8D2A-E1F229BBEBB9}"
EndProject
Global
	GlobalSection(SolutionConfigurationPlatforms) = preSolution
		Debug|Any CPU = Debug|Any CPU
		Release|Any CPU = Release|Any CPU
	EndGlobalSection
	GlobalSection(ProjectConfigurationPlatforms) = postSolution
		{D506ED7E-68FA-4172-BD04-DB8D76D64D44}.Debug|Any CPU.ActiveCfg = Debug|Any CPU
		{D506ED7E-68FA-4172-BD04-DB8D76D64D44}.Debug|Any CPU.Build.0 = Debug|Any CPU
		{D506ED7E-68FA-4172-BD04-DB8D76D64D44}.Release|Any CPU.ActiveCfg = Release|Any CPU
		{D506ED7E-68FA-4172-BD04-DB8D76D64D44}.Release|Any CPU.Build.0 = Release|Any CPU
		{B2433359-C8EE-4DA9-8E4D-99386D0CECF7}.Debug|Any CPU.ActiveCfg = Debug|Any CPU
		{B2433359-C8EE-4DA9-8E4D-99386D0CECF7}.Debug|Any CPU.Build.0 = Debug|Any CPU
		{B2433359-C8EE-4DA9-8E4D-99386D0CECF7}.Release|Any CPU.ActiveCfg = Release|Any CPU
		{B2433359-C8EE-4DA9-8E4D-99386D0CECF7}.Release|Any CPU.Build.0 = Release|Any CPU
		{E2C3A23B-6FDE-4DDF-B42F-6EBCE7D5606A}.Debug|Any CPU.ActiveCfg = Debug|Any CPU
		{E2C3A23B-6FDE-4DDF-B42F-6EBCE7D5606A}.Debug|Any CPU.Build.0 = Debug|Any CPU
		{E2C3A23B-6FDE-4DDF-B42F-6EBCE7D5606A}.Release|Any CPU.ActiveCfg = Release|Any CPU
		{E2C3A23B-6FDE-4DDF-B42F-6EBCE7D5606A}.Release|Any CPU.Build.0 = Release|Any CPU
		{C8376765-F086-446E-BD36-EDF6B7F4A838}.Debug|Any CPU.ActiveCfg = Debug|Any CPU
		{C8376765-F086-446E-BD36-EDF6B7F4A838}.Debug|Any CPU.Build.0 = Debug|Any CPU
		{C8376765-F086-446E-BD36-EDF6B7F4A838}.Release|Any CPU.ActiveCfg = Release|Any CPU
		{C8376765-F086-446E-BD36-EDF6B7F4A838}.Release|Any CPU.Build.0 = Release|Any CPU
		{7FA294BB-E419-4263-8D2A-E1F229BBEBB9}.Debug|Any CPU.ActiveCfg = Debug|Any CPU
		{7FA294BB-E419-4263-8D2A-E1F229BBEBB9}.Debug|Any CPU.Build.0 = Debug|Any CPU
		{7FA294BB-E419-4263-8D2A-E1F229BBEBB9}.Release|Any CPU.ActiveCfg = Release|Any CPU
		{7FA294BB-E419-4263-8D2A-E1F229BBEBB9}.Release|Any CPU.Build.0 = Release|Any CPU
	EndGlobalSection
	GlobalSection(SolutionProperties) = preSolution
		HideSolutionNode = FALSE
	EndGlobalSection
	GlobalSection(ExtensibilityGlobals) = postSolution
		SolutionGuid = {22864D3B-5C9D-44FA-B5AA-7C906B667406}
	EndGlobalSection
EndGlobal
